
Microsoft Visual Studio Solution File, Format Version 12.00
# Visual Studio Version 16
VisualStudioVersion = 16.0.30225.117
MinimumVisualStudioVersion = 10.0.40219.1
Project("{FAE04EC0-301F-11D3-BF4B-00C04F79EFBC}") = "Demo_Loading_Image", "Demo_Loading_Image.csproj", "{5AE19EAF-F443-466D-B9A2-BFDE5B61ABE3}"
EndProject
Global
	GlobalSection(SolutionConfigurationPlatforms) = preSolution
		Debug|Any CPU = Debug|Any CPU
		Release|Any CPU = Release|Any CPU
	EndGlobalSection
	GlobalSection(ProjectConfigurationPlatforms) = postSolution
		{5AE19EAF-F443-466D-B9A2-BFDE5B61ABE3}.Debug|Any CPU.ActiveCfg = Debug|Any CPU
		{5AE19EAF-F443-466D-B9A2-BFDE5B61ABE3}.Debug|Any CPU.Build.0 = Debug|Any CPU
		{5AE19EAF-F443-466D-B9A2-BFDE5B61ABE3}.Release|Any CPU.ActiveCfg = Release|Any CPU
		{5AE19EAF-F443-466D-B9A2-BFDE5B61ABE3}.Release|Any CPU.Build.0 = Release|Any CPU
	EndGlobalSection
	GlobalSection(SolutionProperties) = preSolution
		HideSolutionNode = FALSE
	EndGlobalSection
	GlobalSection(ExtensibilityGlobals) = postSolution
		SolutionGuid = {30908155-DEBB-4E33-BB96-1218C67A184E}
	EndGlobalSection
EndGlobal
